
Microsoft Visual Studio Solution File, Format Version 12.00
# Visual Studio Version 17
VisualStudioVersion = 17.4.33006.217
MinimumVisualStudioVersion = 10.0.40219.1
Project("{9A19103F-16F7-4668-BE54-9A1E7A4F7556}") = "JustBlog.Commons", "JustBlog.Commons\JustBlog.Commons.csproj", "{4DA2B8E2-19E3-4155-A79B-2C8B44EAC81F}"
EndProject
Project("{9A19103F-16F7-4668-BE54-9A1E7A4F7556}") = "JustBlog.Entities", "JustBlog.Entities\JustBlog.Entities.csproj", "{95C2CAE9-CA67-4AA3-8832-45405C556C34}"
EndProject
Project("{9A19103F-16F7-4668-BE54-9A1E7A4F7556}") = "JustBlog.Repositories", "JustBlog.Repositories\JustBlog.Repositories.csproj", "{7D1134FC-C6F2-43B0-A462-2DB7D159AF60}"
EndProject
Project("{9A19103F-16F7-4668-BE54-9A1E7A4F7556}") = "JustBlog.Services", "JustBlog.Services\JustBlog.Services.csproj", "{B29518FE-B15D-4062-95D7-25EFA62CCE43}"
EndProject
Project("{9A19103F-16F7-4668-BE54-9A1E7A4F7556}") = "JustBlog.Api", "JustBlog.Api\JustBlog.Api.csproj", "{14166DC9-8712-4758-A4B9-831F7E780902}"
EndProject
Project("{FAE04EC0-301F-11D3-BF4B-00C04F79EFBC}") = "JustBlog.Model", "JustBlog.Model\JustBlog.Model.csproj", "{55FE5B70-2A64-45A8-BFA8-8334468B902E}"
EndProject
Global
	GlobalSection(SolutionConfigurationPlatforms) = preSolution
		Debug|Any CPU = Debug|Any CPU
		Release|Any CPU = Release|Any CPU
	EndGlobalSection
	GlobalSection(ProjectConfigurationPlatforms) = postSolution
		{4DA2B8E2-19E3-4155-A79B-2C8B44EAC81F}.Debug|Any CPU.ActiveCfg = Debug|Any CPU
		{4DA2B8E2-19E3-4155-A79B-2C8B44EAC81F}.Debug|Any CPU.Build.0 = Debug|Any CPU
		{4DA2B8E2-19E3-4155-A79B-2C8B44EAC81F}.Release|Any CPU.ActiveCfg = Release|Any CPU
		{4DA2B8E2-19E3-4155-A79B-2C8B44EAC81F}.Release|Any CPU.Build.0 = Release|Any CPU
		{95C2CAE9-CA67-4AA3-8832-45405C556C34}.Debug|Any CPU.ActiveCfg = Debug|Any CPU
		{95C2CAE9-CA67-4AA3-8832-45405C556C34}.Debug|Any CPU.Build.0 = Debug|Any CPU
		{95C2CAE9-CA67-4AA3-8832-45405C556C34}.Release|Any CPU.ActiveCfg = Release|Any CPU
		{95C2CAE9-CA67-4AA3-8832-45405C556C34}.Release|Any CPU.Build.0 = Release|Any CPU
		{7D1134FC-C6F2-43B0-A462-2DB7D159AF60}.Debug|Any CPU.ActiveCfg = Debug|Any CPU
		{7D1134FC-C6F2-43B0-A462-2DB7D159AF60}.Debug|Any CPU.Build.0 = Debug|Any CPU
		{7D1134FC-C6F2-43B0-A462-2DB7D159AF60}.Release|Any CPU.ActiveCfg = Release|Any CPU
		{7D1134FC-C6F2-43B0-A462-2DB7D159AF60}.Release|Any CPU.Build.0 = Release|Any CPU
		{B29518FE-B15D-4062-95D7-25EFA62CCE43}.Debug|Any CPU.ActiveCfg = Debug|Any CPU
		{B29518FE-B15D-4062-95D7-25EFA62CCE43}.Debug|Any CPU.Build.0 = Debug|Any CPU
		{B29518FE-B15D-4062-95D7-25EFA62CCE43}.Release|Any CPU.ActiveCfg = Release|Any CPU
		{B29518FE-B15D-4062-95D7-25EFA62CCE43}.Release|Any CPU.Build.0 = Release|Any CPU
		{14166DC9-8712-4758-A4B9-831F7E780902}.Debug|Any CPU.ActiveCfg = Debug|Any CPU
		{14166DC9-8712-4758-A4B9-831F7E780902}.Debug|Any CPU.Build.0 = Debug|Any CPU
		{14166DC9-8712-4758-A4B9-831F7E780902}.Release|Any CPU.ActiveCfg = Release|Any CPU
		{14166DC9-8712-4758-A4B9-831F7E780902}.Release|Any CPU.Build.0 = Release|Any CPU
		{55FE5B70-2A64-45A8-BFA8-8334468B902E}.Debug|Any CPU.ActiveCfg = Debug|Any CPU
		{55FE5B70-2A64-45A8-BFA8-8334468B902E}.Debug|Any CPU.Build.0 = Debug|Any CPU
		{55FE5B70-2A64-45A8-BFA8-8334468B902E}.Release|Any CPU.ActiveCfg = Release|Any CPU
		{55FE5B70-2A64-45A8-BFA8-8334468B902E}.Release|Any CPU.Build.0 = Release|Any CPU
	EndGlobalSection
	GlobalSection(SolutionProperties) = preSolution
		HideSolutionNode = FALSE
	EndGlobalSection
	GlobalSection(ExtensibilityGlobals) = postSolution
		SolutionGuid = {2E64C6CD-18B3-4DD1-A2D9-11AE555B779C}
	EndGlobalSection
EndGlobal
